Microsoft Visual Studio Solution File, Format Version 12.00
# Visual Studio Version 17
VisualStudioVersion = 17.5.2.0
MinimumVisualStudioVersion = 10.0.40219.1
Project("{FAE04EC0-301F-11D3-BF4B-00C04F79EFBC}") = "Ex_03_06", "Ex_03_06.csproj", "{0A5B8C07-4EE8-7636-2600-724CC624D82F}"
EndProject
Global
	GlobalSection(SolutionConfigurationPlatforms) = preSolution
		Debug|Any CPU = Debug|Any CPU
		Release|Any CPU = Release|Any CPU
	EndGlobalSection
	GlobalSection(ProjectConfigurationPlatforms) = postSolution
		{0A5B8C07-4EE8-7636-2600-724CC624D82F}.Debug|Any CPU.ActiveCfg = Debug|Any CPU
		{0A5B8C07-4EE8-7636-2600-724CC624D82F}.Debug|Any CPU.Build.0 = Debug|Any CPU
		{0A5B8C07-4EE8-7636-2600-724CC624D82F}.Release|Any CPU.ActiveCfg = Release|Any CPU
		{0A5B8C07-4EE8-7636-2600-724CC624D82F}.Release|Any CPU.Build.0 = Release|Any CPU
	EndGlobalSection
	GlobalSection(SolutionProperties) = preSolution
		HideSolutionNode = FALSE
	EndGlobalSection
	GlobalSection(ExtensibilityGlobals) = postSolution
		SolutionGuid = {361B15FA-1DDD-42D3-A0EF-F18D532393AC}
	EndGlobalSection
EndGlobal
