Microsoft Visual Studio Solution File, Format Version 12.00
# Visual Studio Version 17
VisualStudioVersion = 17.5.2.0
MinimumVisualStudioVersion = 10.0.40219.1
Project("{FAE04EC0-301F-11D3-BF4B-00C04F79EFBC}") = "Ex_03_04", "Ex_03_04.csproj", "{3F905011-6E0E-4F31-46FF-92493D20A725}"
EndProject
Global
	GlobalSection(SolutionConfigurationPlatforms) = preSolution
		Debug|Any CPU = Debug|Any CPU
		Release|Any CPU = Release|Any CPU
	EndGlobalSection
	GlobalSection(ProjectConfigurationPlatforms) = postSolution
		{3F905011-6E0E-4F31-46FF-92493D20A725}.Debug|Any CPU.ActiveCfg = Debug|Any CPU
		{3F905011-6E0E-4F31-46FF-92493D20A725}.Debug|Any CPU.Build.0 = Debug|Any CPU
		{3F905011-6E0E-4F31-46FF-92493D20A725}.Release|Any CPU.ActiveCfg = Release|Any CPU
		{3F905011-6E0E-4F31-46FF-92493D20A725}.Release|Any CPU.Build.0 = Release|Any CPU
	EndGlobalSection
	GlobalSection(SolutionProperties) = preSolution
		HideSolutionNode = FALSE
	EndGlobalSection
	GlobalSection(ExtensibilityGlobals) = postSolution
		SolutionGuid = {9153546D-60DF-4404-BE1C-0AC21CC9BEAD}
	EndGlobalSection
EndGlobal
