Microsoft Visual Studio Solution File, Format Version 12.00
# Visual Studio Version 17
VisualStudioVersion = 17.5.2.0
MinimumVisualStudioVersion = 10.0.40219.1
Project("{FAE04EC0-301F-11D3-BF4B-00C04F79EFBC}") = "Ex_04_01", "Ex_04_01.csproj", "{35F09F9A-5CE7-CE00-D83F-92A11ECCC41B}"
EndProject
Global
	GlobalSection(SolutionConfigurationPlatforms) = preSolution
		Debug|Any CPU = Debug|Any CPU
		Release|Any CPU = Release|Any CPU
	EndGlobalSection
	GlobalSection(ProjectConfigurationPlatforms) = postSolution
		{35F09F9A-5CE7-CE00-D83F-92A11ECCC41B}.Debug|Any CPU.ActiveCfg = Debug|Any CPU
		{35F09F9A-5CE7-CE00-D83F-92A11ECCC41B}.Debug|Any CPU.Build.0 = Debug|Any CPU
		{35F09F9A-5CE7-CE00-D83F-92A11ECCC41B}.Release|Any CPU.ActiveCfg = Release|Any CPU
		{35F09F9A-5CE7-CE00-D83F-92A11ECCC41B}.Release|Any CPU.Build.0 = Release|Any CPU
	EndGlobalSection
	GlobalSection(SolutionProperties) = preSolution
		HideSolutionNode = FALSE
	EndGlobalSection
	GlobalSection(ExtensibilityGlobals) = postSolution
		SolutionGuid = {A95C3C23-6309-45CC-A5C2-B110EB6E9FE4}
	EndGlobalSection
EndGlobal
